
Microsoft Visual Studio Solution File, Format Version 12.00
# Visual Studio Express 2013 for Windows Desktop
VisualStudioVersion = 12.0.30110.0
MinimumVisualStudioVersion = 10.0.40219.1
Project("{8BC9CEB8-8B4A-11D0-8D11-00A0C91BC942}") = "asm-ref", "asm-ref.vcxproj", "{DB78714B-98E4-482B-9664-206275560293}"
EndProject
Project("{8BC9CEB8-8B4A-11D0-8D11-00A0C91BC942}") = "lib-intel-x86-ref", "win32\lib-intel-x86-ref\lib-intel-x86-ref.vcxproj", "{4D128ECC-4989-4BEF-8AAA-A9448A9A5ECF}"
EndProject
Project("{8BC9CEB8-8B4A-11D0-8D11-00A0C91BC942}") = "SQLite", "win32\SQLite\SQLite.vcxproj", "{214EC40E-54F4-4ED8-8548-C42365D1314F}"
EndProject
Global
	GlobalSection(SolutionConfigurationPlatforms) = preSolution
		Debug|Win32 = Debug|Win32
		Release|Win32 = Release|Win32
	EndGlobalSection
	GlobalSection(ProjectConfigurationPlatforms) = postSolution
		{DB78714B-98E4-482B-9664-206275560293}.Debug|Win32.ActiveCfg = Debug|Win32
		{DB78714B-98E4-482B-9664-206275560293}.Debug|Win32.Build.0 = Debug|Win32
		{DB78714B-98E4-482B-9664-206275560293}.Release|Win32.ActiveCfg = Release|Win32
		{DB78714B-98E4-482B-9664-206275560293}.Release|Win32.Build.0 = Release|Win32
		{4D128ECC-4989-4BEF-8AAA-A9448A9A5ECF}.Debug|Win32.ActiveCfg = Debug|Win32
		{4D128ECC-4989-4BEF-8AAA-A9448A9A5ECF}.Debug|Win32.Build.0 = Debug|Win32
		{4D128ECC-4989-4BEF-8AAA-A9448A9A5ECF}.Release|Win32.ActiveCfg = Release|Win32
		{4D128ECC-4989-4BEF-8AAA-A9448A9A5ECF}.Release|Win32.Build.0 = Release|Win32
		{214EC40E-54F4-4ED8-8548-C42365D1314F}.Debug|Win32.ActiveCfg = Debug|Win32
		{214EC40E-54F4-4ED8-8548-C42365D1314F}.Debug|Win32.Build.0 = Debug|Win32
		{214EC40E-54F4-4ED8-8548-C42365D1314F}.Release|Win32.ActiveCfg = Release|Win32
		{214EC40E-54F4-4ED8-8548-C42365D1314F}.Release|Win32.Build.0 = Release|Win32
	EndGlobalSection
	GlobalSection(SolutionProperties) = preSolution
		HideSolutionNode = FALSE
	EndGlobalSection
EndGlobal
